# This file is automatically @generated by Cargo.
# It is not intended for manual editing.
version = 3

[[package]]
name = "app"
version = "1.0.0"
dependencies = [
 "sgx_types",
 "sgx_urts",
]

[[package]]
name = "libc"
version = "0.2.147"
source = "registry+https://github.com/rust-lang/crates.io-index"
checksum = "b4668fb0ea861c1df094127ac5f1da3409a82116a4ba74fca2e58ef927159bb3"

[[package]]
name = "sgx_types"
version = "1.1.6"

[[package]]
name = "sgx_urts"
version = "1.1.6"
dependencies = [
 "libc",
 "sgx_types",
]
